
Microsoft Visual Studio Solution File, Format Version 12.00
# Visual Studio Version 17
VisualStudioVersion = 17.7.34009.444
MinimumVisualStudioVersion = 10.0.40219.1
Project("{9A19103F-16F7-4668-BE54-9A1E7A4F7556}") = "AES.Console", "AES.Console\AES.Console.csproj", "{BCD2522E-3EC5-475B-BC2B-456A77F76A17}"
EndProject
Global
	GlobalSection(SolutionConfigurationPlatforms) = preSolution
		Debug|Any CPU = Debug|Any CPU
		Release|Any CPU = Release|Any CPU
	EndGlobalSection
	GlobalSection(ProjectConfigurationPlatforms) = postSolution
		{BCD2522E-3EC5-475B-BC2B-456A77F76A17}.Debug|Any CPU.ActiveCfg = Debug|Any CPU
		{BCD2522E-3EC5-475B-BC2B-456A77F76A17}.Debug|Any CPU.Build.0 = Debug|Any CPU
		{BCD2522E-3EC5-475B-BC2B-456A77F76A17}.Release|Any CPU.ActiveCfg = Release|Any CPU
		{BCD2522E-3EC5-475B-BC2B-456A77F76A17}.Release|Any CPU.Build.0 = Release|Any CPU
	EndGlobalSection
	GlobalSection(SolutionProperties) = preSolution
		HideSolutionNode = FALSE
	EndGlobalSection
	GlobalSection(ExtensibilityGlobals) = postSolution
		SolutionGuid = {CEF9C004-21B9-4ADB-A8DE-577C0AE25C6C}
	EndGlobalSection
EndGlobal
